
Microsoft Visual Studio Solution File, Format Version 12.00
# Visual Studio 15
VisualStudioVersion = 15.0.28010.2036
MinimumVisualStudioVersion = 10.0.40219.1
Project("{9A19103F-16F7-4668-BE54-9A1E7A4F7556}") = "discord-bot-server", "discord-bot-server\discord-bot-server.csproj", "{AB51E1DD-EFE0-49D7-979B-A61273550B42}"
EndProject
Global
	GlobalSection(SolutionConfigurationPlatforms) = preSolution
		Debug|Any CPU = Debug|Any CPU
		Release|Any CPU = Release|Any CPU
	EndGlobalSection
	GlobalSection(ProjectConfigurationPlatforms) = postSolution
		{AB51E1DD-EFE0-49D7-979B-A61273550B42}.Debug|Any CPU.ActiveCfg = Debug|Any CPU
		{AB51E1DD-EFE0-49D7-979B-A61273550B42}.Debug|Any CPU.Build.0 = Debug|Any CPU
		{AB51E1DD-EFE0-49D7-979B-A61273550B42}.Release|Any CPU.ActiveCfg = Release|Any CPU
		{AB51E1DD-EFE0-49D7-979B-A61273550B42}.Release|Any CPU.Build.0 = Release|Any CPU
	EndGlobalSection
	GlobalSection(SolutionProperties) = preSolution
		HideSolutionNode = FALSE
	EndGlobalSection
	GlobalSection(ExtensibilityGlobals) = postSolution
		SolutionGuid = {C28067B4-849F-441C-87A3-9B41EE05211C}
	EndGlobalSection
EndGlobal
